
Microsoft Visual Studio Solution File, Format Version 12.00
# Visual Studio 15
VisualStudioVersion = 15.0.28307.168
MinimumVisualStudioVersion = 10.0.40219.1
Project("{FAE04EC0-301F-11D3-BF4B-00C04F79EFBC}") = "SystemIntegrationObligatoriskOpg", "SystemIntegrationObligatoriskOpg\SystemIntegrationObligatoriskOpg.csproj", "{DC3CB69B-8449-4A0C-8B14-FD7416C26694}"
EndProject
Global
	GlobalSection(SolutionConfigurationPlatforms) = preSolution
		Debug|Any CPU = Debug|Any CPU
		Release|Any CPU = Release|Any CPU
	EndGlobalSection
	GlobalSection(ProjectConfigurationPlatforms) = postSolution
		{DC3CB69B-8449-4A0C-8B14-FD7416C26694}.Debug|Any CPU.ActiveCfg = Debug|Any CPU
		{DC3CB69B-8449-4A0C-8B14-FD7416C26694}.Debug|Any CPU.Build.0 = Debug|Any CPU
		{DC3CB69B-8449-4A0C-8B14-FD7416C26694}.Release|Any CPU.ActiveCfg = Release|Any CPU
		{DC3CB69B-8449-4A0C-8B14-FD7416C26694}.Release|Any CPU.Build.0 = Release|Any CPU
	EndGlobalSection
	GlobalSection(SolutionProperties) = preSolution
		HideSolutionNode = FALSE
	EndGlobalSection
	GlobalSection(ExtensibilityGlobals) = postSolution
		SolutionGuid = {4C9C2512-3217-428A-B619-3B8DCED8DE8A}
	EndGlobalSection
EndGlobal
